
Microsoft Visual Studio Solution File, Format Version 12.00
# Visual Studio Version 17
VisualStudioVersion = 17.9.34728.123
MinimumVisualStudioVersion = 10.0.40219.1
Project("{FAE04EC0-301F-11D3-BF4B-00C04F79EFBC}") = "ConsoleApp", "ConsoleApp\ConsoleApp.csproj", "{77E5E1E9-42E5-47CA-8774-C4F14DC561FA}"
EndProject
Global
	GlobalSection(SolutionConfigurationPlatforms) = preSolution
		Debug|Any CPU = Debug|Any CPU
		Release|Any CPU = Release|Any CPU
	EndGlobalSection
	GlobalSection(ProjectConfigurationPlatforms) = postSolution
		{77E5E1E9-42E5-47CA-8774-C4F14DC561FA}.Debug|Any CPU.ActiveCfg = Debug|Any CPU
		{77E5E1E9-42E5-47CA-8774-C4F14DC561FA}.Debug|Any CPU.Build.0 = Debug|Any CPU
		{77E5E1E9-42E5-47CA-8774-C4F14DC561FA}.Release|Any CPU.ActiveCfg = Release|Any CPU
		{77E5E1E9-42E5-47CA-8774-C4F14DC561FA}.Release|Any CPU.Build.0 = Release|Any CPU
	EndGlobalSection
	GlobalSection(SolutionProperties) = preSolution
		HideSolutionNode = FALSE
	EndGlobalSection
	GlobalSection(ExtensibilityGlobals) = postSolution
		SolutionGuid = {289B7115-17F9-4FA8-9571-744B65F1C7E2}
	EndGlobalSection
EndGlobal
